
Microsoft Visual Studio Solution File, Format Version 12.00
# Visual Studio 15
VisualStudioVersion = 15.0.28010.2026
MinimumVisualStudioVersion = 10.0.40219.1
Project("{9A19103F-16F7-4668-BE54-9A1E7A4F7556}") = "Box2DSharp", "src\Box2DSharp.csproj", "{93DBF3A4-7EA2-4848-B650-AB717968854E}"
EndProject
Project("{FAE04EC0-301F-11D3-BF4B-00C04F79EFBC}") = "NETCoreTest", "test\NETCoreTest\NETCoreTest.csproj", "{FFEAB8DD-9D3F-4076-AC04-2C965B64818D}"
EndProject
Global
	GlobalSection(SolutionConfigurationPlatforms) = preSolution
		Debug|Any CPU = Debug|Any CPU
		Release|Any CPU = Release|Any CPU
	EndGlobalSection
	GlobalSection(ProjectConfigurationPlatforms) = postSolution
		{93DBF3A4-7EA2-4848-B650-AB717968854E}.Debug|Any CPU.ActiveCfg = Debug|Any CPU
		{93DBF3A4-7EA2-4848-B650-AB717968854E}.Debug|Any CPU.Build.0 = Debug|Any CPU
		{93DBF3A4-7EA2-4848-B650-AB717968854E}.Release|Any CPU.ActiveCfg = Release|Any CPU
		{93DBF3A4-7EA2-4848-B650-AB717968854E}.Release|Any CPU.Build.0 = Release|Any CPU
		{FFEAB8DD-9D3F-4076-AC04-2C965B64818D}.Debug|Any CPU.ActiveCfg = Debug|Any CPU
		{FFEAB8DD-9D3F-4076-AC04-2C965B64818D}.Debug|Any CPU.Build.0 = Debug|Any CPU
		{FFEAB8DD-9D3F-4076-AC04-2C965B64818D}.Release|Any CPU.ActiveCfg = Release|Any CPU
		{FFEAB8DD-9D3F-4076-AC04-2C965B64818D}.Release|Any CPU.Build.0 = Release|Any CPU
	EndGlobalSection
	GlobalSection(SolutionProperties) = preSolution
		HideSolutionNode = FALSE
	EndGlobalSection
	GlobalSection(ExtensibilityGlobals) = postSolution
		SolutionGuid = {79E3F6FD-2E23-44AD-92BC-9E6F5C56B97B}
	EndGlobalSection
EndGlobal
